
Microsoft Visual Studio Solution File, Format Version 12.00
# Visual Studio Version 16
VisualStudioVersion = 25.0.1705.4
MinimumVisualStudioVersion = 10.0.40219.1
Project("{FAE04EC0-301F-11D3-BF4B-00C04F79EFBC}") = "PracticePanther", "PracticePanther\PracticePanther.csproj", "{97923D76-3FFB-4362-A320-A0F4E3C4E0FB}"
EndProject
Project("{FAE04EC0-301F-11D3-BF4B-00C04F79EFBC}") = "PracticePanther.Library", "PracticePanther.Library\PracticePanther.Library.csproj", "{AA9FE1DE-19EB-49F5-A926-594314940F0A}"
EndProject
Project("{FAE04EC0-301F-11D3-BF4B-00C04F79EFBC}") = "PracticePanther.MAUI", "PracticePanther.MAUI\PracticePanther.MAUI.csproj", "{35F12D08-F98E-45F6-9FBD-F56EBFB4B259}"
EndProject
Global
	GlobalSection(SolutionConfigurationPlatforms) = preSolution
		Debug|Any CPU = Debug|Any CPU
		Release|Any CPU = Release|Any CPU
	EndGlobalSection
	GlobalSection(ProjectConfigurationPlatforms) = postSolution
		{97923D76-3FFB-4362-A320-A0F4E3C4E0FB}.Debug|Any CPU.ActiveCfg = Debug|Any CPU
		{97923D76-3FFB-4362-A320-A0F4E3C4E0FB}.Debug|Any CPU.Build.0 = Debug|Any CPU
		{97923D76-3FFB-4362-A320-A0F4E3C4E0FB}.Release|Any CPU.ActiveCfg = Release|Any CPU
		{97923D76-3FFB-4362-A320-A0F4E3C4E0FB}.Release|Any CPU.Build.0 = Release|Any CPU
		{AA9FE1DE-19EB-49F5-A926-594314940F0A}.Debug|Any CPU.ActiveCfg = Debug|Any CPU
		{AA9FE1DE-19EB-49F5-A926-594314940F0A}.Debug|Any CPU.Build.0 = Debug|Any CPU
		{AA9FE1DE-19EB-49F5-A926-594314940F0A}.Release|Any CPU.ActiveCfg = Release|Any CPU
		{AA9FE1DE-19EB-49F5-A926-594314940F0A}.Release|Any CPU.Build.0 = Release|Any CPU
		{35F12D08-F98E-45F6-9FBD-F56EBFB4B259}.Debug|Any CPU.ActiveCfg = Debug|Any CPU
		{35F12D08-F98E-45F6-9FBD-F56EBFB4B259}.Debug|Any CPU.Build.0 = Debug|Any CPU
		{35F12D08-F98E-45F6-9FBD-F56EBFB4B259}.Release|Any CPU.ActiveCfg = Release|Any CPU
		{35F12D08-F98E-45F6-9FBD-F56EBFB4B259}.Release|Any CPU.Build.0 = Release|Any CPU
	EndGlobalSection
	GlobalSection(SolutionProperties) = preSolution
		HideSolutionNode = FALSE
	EndGlobalSection
	GlobalSection(ExtensibilityGlobals) = postSolution
		SolutionGuid = {8BF49C04-6D2E-4260-9934-CE27CD9F00CF}
	EndGlobalSection
EndGlobal
